
Microsoft Visual Studio Solution File, Format Version 12.00
# Visual Studio Version 17
VisualStudioVersion = 17.4.33205.214
MinimumVisualStudioVersion = 10.0.40219.1
Project("{9A19103F-16F7-4668-BE54-9A1E7A4F7556}") = "AddressBook", "AddressBook\AddressBook.csproj", "{8B91C8A6-9B55-4AC1-9335-350280F593DD}"
EndProject
Project("{9A19103F-16F7-4668-BE54-9A1E7A4F7556}") = "AddressBookRemake", "AddressBookRemake\AddressBookRemake.csproj", "{6F6719FE-4692-49A4-8A49-CFCD9C356B15}"
EndProject
Project("{9A19103F-16F7-4668-BE54-9A1E7A4F7556}") = "AddressBook.Tests", "AddressBook.Tests\AddressBook.Tests.csproj", "{0AD6412E-ACED-4120-AFCE-DA69DB8E6B9D}"
EndProject
Global
	GlobalSection(SolutionConfigurationPlatforms) = preSolution
		Debug|Any CPU = Debug|Any CPU
		Release|Any CPU = Release|Any CPU
	EndGlobalSection
	GlobalSection(ProjectConfigurationPlatforms) = postSolution
		{8B91C8A6-9B55-4AC1-9335-350280F593DD}.Debug|Any CPU.ActiveCfg = Debug|Any CPU
		{8B91C8A6-9B55-4AC1-9335-350280F593DD}.Debug|Any CPU.Build.0 = Debug|Any CPU
		{8B91C8A6-9B55-4AC1-9335-350280F593DD}.Release|Any CPU.ActiveCfg = Release|Any CPU
		{8B91C8A6-9B55-4AC1-9335-350280F593DD}.Release|Any CPU.Build.0 = Release|Any CPU
		{6F6719FE-4692-49A4-8A49-CFCD9C356B15}.Debug|Any CPU.ActiveCfg = Debug|Any CPU
		{6F6719FE-4692-49A4-8A49-CFCD9C356B15}.Debug|Any CPU.Build.0 = Debug|Any CPU
		{6F6719FE-4692-49A4-8A49-CFCD9C356B15}.Release|Any CPU.ActiveCfg = Release|Any CPU
		{6F6719FE-4692-49A4-8A49-CFCD9C356B15}.Release|Any CPU.Build.0 = Release|Any CPU
		{0AD6412E-ACED-4120-AFCE-DA69DB8E6B9D}.Debug|Any CPU.ActiveCfg = Debug|Any CPU
		{0AD6412E-ACED-4120-AFCE-DA69DB8E6B9D}.Debug|Any CPU.Build.0 = Debug|Any CPU
		{0AD6412E-ACED-4120-AFCE-DA69DB8E6B9D}.Release|Any CPU.ActiveCfg = Release|Any CPU
		{0AD6412E-ACED-4120-AFCE-DA69DB8E6B9D}.Release|Any CPU.Build.0 = Release|Any CPU
	EndGlobalSection
	GlobalSection(SolutionProperties) = preSolution
		HideSolutionNode = FALSE
	EndGlobalSection
	GlobalSection(ExtensibilityGlobals) = postSolution
		SolutionGuid = {39165093-684C-41C5-85BB-470D780CD31E}
	EndGlobalSection
EndGlobal
